
Microsoft Visual Studio Solution File, Format Version 12.00
# Visual Studio Version 17
VisualStudioVersion = 17.11.35312.102
MinimumVisualStudioVersion = 10.0.40219.1
Project("{FAE04EC0-301F-11D3-BF4B-00C04F79EFBC}") = "Hoorcollege4.2", "Hoorcollege4.2\Hoorcollege4.2.csproj", "{C9D68F88-8FFF-478A-ADA0-9B86C7AEAED2}"
EndProject
Global
	GlobalSection(SolutionConfigurationPlatforms) = preSolution
		Debug|Any CPU = Debug|Any CPU
		Release|Any CPU = Release|Any CPU
	EndGlobalSection
	GlobalSection(ProjectConfigurationPlatforms) = postSolution
		{C9D68F88-8FFF-478A-ADA0-9B86C7AEAED2}.Debug|Any CPU.ActiveCfg = Debug|Any CPU
		{C9D68F88-8FFF-478A-ADA0-9B86C7AEAED2}.Debug|Any CPU.Build.0 = Debug|Any CPU
		{C9D68F88-8FFF-478A-ADA0-9B86C7AEAED2}.Release|Any CPU.ActiveCfg = Release|Any CPU
		{C9D68F88-8FFF-478A-ADA0-9B86C7AEAED2}.Release|Any CPU.Build.0 = Release|Any CPU
	EndGlobalSection
	GlobalSection(SolutionProperties) = preSolution
		HideSolutionNode = FALSE
	EndGlobalSection
	GlobalSection(ExtensibilityGlobals) = postSolution
		SolutionGuid = {12CD50D3-FFF4-425A-B596-5D9C460A515C}
	EndGlobalSection
EndGlobal
